
Microsoft Visual Studio Solution File, Format Version 12.00
# Visual Studio Version 17
VisualStudioVersion = 17.0.31903.59
MinimumVisualStudioVersion = 10.0.40219.1
Project("{FAE04EC0-301F-11D3-BF4B-00C04F79EFBC}") = "QT1", "QT1\QT1.csproj", "{9698F8A1-2D29-45AE-8EC9-9636EB52422E}"
EndProject
Project("{FAE04EC0-301F-11D3-BF4B-00C04F79EFBC}") = "QT2", "QT2\QT2.csproj", "{59FA56C4-0CA0-4204-9418-AFED803D6C1C}"
EndProject
Project("{FAE04EC0-301F-11D3-BF4B-00C04F79EFBC}") = "QT3", "QT3\QT3.csproj", "{BB507EAB-F350-4176-83E5-801217B1DA01}"
EndProject
Project("{FAE04EC0-301F-11D3-BF4B-00C04F79EFBC}") = "QT4", "QT4\QT4.csproj", "{1F1BEDBB-FC5C-4B13-8398-1F4384397243}"
EndProject
Project("{FAE04EC0-301F-11D3-BF4B-00C04F79EFBC}") = "QT5", "QT5\QT5.csproj", "{8A63203A-D7FE-4A9F-B547-432B7DB46611}"
EndProject
Global
	GlobalSection(SolutionConfigurationPlatforms) = preSolution
		Debug|Any CPU = Debug|Any CPU
		Release|Any CPU = Release|Any CPU
	EndGlobalSection
	GlobalSection(SolutionProperties) = preSolution
		HideSolutionNode = FALSE
	EndGlobalSection
	GlobalSection(ProjectConfigurationPlatforms) = postSolution
		{9698F8A1-2D29-45AE-8EC9-9636EB52422E}.Debug|Any CPU.ActiveCfg = Debug|Any CPU
		{9698F8A1-2D29-45AE-8EC9-9636EB52422E}.Debug|Any CPU.Build.0 = Debug|Any CPU
		{9698F8A1-2D29-45AE-8EC9-9636EB52422E}.Release|Any CPU.ActiveCfg = Release|Any CPU
		{9698F8A1-2D29-45AE-8EC9-9636EB52422E}.Release|Any CPU.Build.0 = Release|Any CPU
		{59FA56C4-0CA0-4204-9418-AFED803D6C1C}.Debug|Any CPU.ActiveCfg = Debug|Any CPU
		{59FA56C4-0CA0-4204-9418-AFED803D6C1C}.Debug|Any CPU.Build.0 = Debug|Any CPU
		{59FA56C4-0CA0-4204-9418-AFED803D6C1C}.Release|Any CPU.ActiveCfg = Release|Any CPU
		{59FA56C4-0CA0-4204-9418-AFED803D6C1C}.Release|Any CPU.Build.0 = Release|Any CPU
		{BB507EAB-F350-4176-83E5-801217B1DA01}.Debug|Any CPU.ActiveCfg = Debug|Any CPU
		{BB507EAB-F350-4176-83E5-801217B1DA01}.Debug|Any CPU.Build.0 = Debug|Any CPU
		{BB507EAB-F350-4176-83E5-801217B1DA01}.Release|Any CPU.ActiveCfg = Release|Any CPU
		{BB507EAB-F350-4176-83E5-801217B1DA01}.Release|Any CPU.Build.0 = Release|Any CPU
		{1F1BEDBB-FC5C-4B13-8398-1F4384397243}.Debug|Any CPU.ActiveCfg = Debug|Any CPU
		{1F1BEDBB-FC5C-4B13-8398-1F4384397243}.Debug|Any CPU.Build.0 = Debug|Any CPU
		{1F1BEDBB-FC5C-4B13-8398-1F4384397243}.Release|Any CPU.ActiveCfg = Release|Any CPU
		{1F1BEDBB-FC5C-4B13-8398-1F4384397243}.Release|Any CPU.Build.0 = Release|Any CPU
		{8A63203A-D7FE-4A9F-B547-432B7DB46611}.Debug|Any CPU.ActiveCfg = Debug|Any CPU
		{8A63203A-D7FE-4A9F-B547-432B7DB46611}.Debug|Any CPU.Build.0 = Debug|Any CPU
		{8A63203A-D7FE-4A9F-B547-432B7DB46611}.Release|Any CPU.ActiveCfg = Release|Any CPU
		{8A63203A-D7FE-4A9F-B547-432B7DB46611}.Release|Any CPU.Build.0 = Release|Any CPU
	EndGlobalSection
EndGlobal
